
Microsoft Visual Studio Solution File, Format Version 12.00
# Visual Studio Version 17
VisualStudioVersion = 17.2.32630.192
MinimumVisualStudioVersion = 10.0.40219.1
Project("{FAE04EC0-301F-11D3-BF4B-00C04F79EFBC}") = "AreaCalculator", "MainDLL\AreaCalculator.csproj", "{FF08D6CC-D5BF-4A94-8D37-D5B4D6C30B00}"
EndProject
Project("{FAE04EC0-301F-11D3-BF4B-00C04F79EFBC}") = "UnitTestProject1", "..\UnitTestProject1\UnitTestProject1.csproj", "{8E124F55-3846-4809-AEC1-FCA43A055D76}"
EndProject
Global
	GlobalSection(SolutionConfigurationPlatforms) = preSolution
		Debug|Any CPU = Debug|Any CPU
		Release|Any CPU = Release|Any CPU
	EndGlobalSection
	GlobalSection(ProjectConfigurationPlatforms) = postSolution
		{FF08D6CC-D5BF-4A94-8D37-D5B4D6C30B00}.Debug|Any CPU.ActiveCfg = Debug|Any CPU
		{FF08D6CC-D5BF-4A94-8D37-D5B4D6C30B00}.Debug|Any CPU.Build.0 = Debug|Any CPU
		{FF08D6CC-D5BF-4A94-8D37-D5B4D6C30B00}.Release|Any CPU.ActiveCfg = Release|Any CPU
		{FF08D6CC-D5BF-4A94-8D37-D5B4D6C30B00}.Release|Any CPU.Build.0 = Release|Any CPU
		{8E124F55-3846-4809-AEC1-FCA43A055D76}.Debug|Any CPU.ActiveCfg = Debug|Any CPU
		{8E124F55-3846-4809-AEC1-FCA43A055D76}.Debug|Any CPU.Build.0 = Debug|Any CPU
		{8E124F55-3846-4809-AEC1-FCA43A055D76}.Release|Any CPU.ActiveCfg = Release|Any CPU
		{8E124F55-3846-4809-AEC1-FCA43A055D76}.Release|Any CPU.Build.0 = Release|Any CPU
	EndGlobalSection
	GlobalSection(SolutionProperties) = preSolution
		HideSolutionNode = FALSE
	EndGlobalSection
	GlobalSection(ExtensibilityGlobals) = postSolution
		SolutionGuid = {96F0C47E-706B-43D2-8D10-CABEEA5A80AD}
	EndGlobalSection
EndGlobal
